github.com/nahojer/sage v0.0.5 h1:0QszysmJO7bXTAn4pyFg/vm7OswwP5flWAFglFCMN9A=
github.com/nahojer/sage v0.0.5/go.mod h1:/4HeoXwoh+rClEGpcvssACns/SaQuLdWQaVxRM1hbGU=
github.com/nahojer/sage v1.0.0 h1:4bQj59ssitvzlOI55Ehbfmn4jiW+49DRBNPuDQh6I98=
github.com/nahojer/sage v1.0.0/go.mod h1:/4HeoXwoh+rClEGpcvssACns/SaQuLdWQaVxRM1hbGU=
